{
    "_readme": [
        "This file locks the dependencies of your project to a known state",
        "Read more about it at https://getcomposer.org/doc/01-basic-usage.md#installing-dependencies",
        "This file is @generated automatically"
    ],
    "content-hash": "b431d91ae039e035208480cc6a35c43e",
    "packages": [
        {
            "name": "pyrech/composer-changelogs",
            "version": "v2.1.0",
            "source": {
                "type": "git",
                "url": "https://github.com/pyrech/composer-changelogs.git",
                "reference": "f5ee2ad86dcfcc90b3aa1e3b37e5e2064b348204"
            },
            "dist": {
                "type": "zip",
                "url": "https://api.github.com/repos/pyrech/composer-changelogs/zipball/f5ee2ad86dcfcc90b3aa1e3b37e5e2064b348204",
                "reference": "f5ee2ad86dcfcc90b3aa1e3b37e5e2064b348204",
                "shasum": ""
            },
            "require": {
                "composer-plugin-api": "^1.0 || ^2.0",
                "ext-json": "*",
                "php": ">=7.4"
            },
            "require-dev": {
                "composer/composer": "^1.1 || ^2.0",
                "friendsofphp/php-cs-fixer": "^3.0",
                "phpstan/phpstan": "^1.9",
                "symfony/phpunit-bridge": "^6.2"
            },
            "type": "composer-plugin",
            "extra": {
                "class": "Pyrech\\ComposerChangelogs\\ChangelogsPlugin"
            },
            "autoload": {
                "psr-4": {
                    "Pyrech\\ComposerChangelogs\\": "src/"
                }
            },
            "notification-url": "https://packagist.org/downloads/",
            "license": [
                "MIT"
            ],
            "authors": [
                {
                    "name": "Loïck Piera",
                    "email": "pyrech@gmail.com"
                }
            ],
            "description": "Display changelogs after each composer update",
            "keywords": [
                "changelog",
                "composer",
                "plugin",
                "update"
            ],
            "support": {
                "issues": "https://github.com/pyrech/composer-changelogs/issues",
                "source": "https://github.com/pyrech/composer-changelogs/tree/v2.1.0"
            },
            "time": "2023-04-21T10:34:02+00:00"
        }
    ],
    "packages-dev": [],
    "aliases": [],
    "minimum-stability": "stable",
    "stability-flags": [],
    "prefer-stable": false,
    "prefer-lowest": false,
    "platform": [],
    "platform-dev": [],
    "plugin-api-version": "2.6.0"
}
